
Microsoft Visual Studio Solution File, Format Version 12.00
# Visual Studio Version 16
VisualStudioVersion = 16.0.31321.278
MinimumVisualStudioVersion = 10.0.40219.1
Project("{9A19103F-16F7-4668-BE54-9A1E7A4F7556}") = "IdentityProvider", "..\IdentityProvider\IdentityProvider.csproj", "{6677F160-56E8-4DC9-BD48-830C4C56A41B}"
EndProject
Project("{FAE04EC0-301F-11D3-BF4B-00C04F79EFBC}") = "BlazorClient", "BlazorClient\BlazorClient.csproj", "{190D425B-B5D5-4389-A4E1-3978A7D07C7D}"
EndProject
Project("{FAE04EC0-301F-11D3-BF4B-00C04F79EFBC}") = "MeteoAPI", "MeteoAPI\MeteoAPI.csproj", "{CDFD278F-F2DC-4BEB-90F3-8F519BBCD550}"
EndProject
Global
	GlobalSection(SolutionConfigurationPlatforms) = preSolution
		Debug|Any CPU = Debug|Any CPU
		Release|Any CPU = Release|Any CPU
	EndGlobalSection
	GlobalSection(ProjectConfigurationPlatforms) = postSolution
		{6677F160-56E8-4DC9-BD48-830C4C56A41B}.Debug|Any CPU.ActiveCfg = Debug|Any CPU
		{6677F160-56E8-4DC9-BD48-830C4C56A41B}.Debug|Any CPU.Build.0 = Debug|Any CPU
		{6677F160-56E8-4DC9-BD48-830C4C56A41B}.Release|Any CPU.ActiveCfg = Release|Any CPU
		{6677F160-56E8-4DC9-BD48-830C4C56A41B}.Release|Any CPU.Build.0 = Release|Any CPU
		{190D425B-B5D5-4389-A4E1-3978A7D07C7D}.Debug|Any CPU.ActiveCfg = Debug|Any CPU
		{190D425B-B5D5-4389-A4E1-3978A7D07C7D}.Debug|Any CPU.Build.0 = Debug|Any CPU
		{190D425B-B5D5-4389-A4E1-3978A7D07C7D}.Release|Any CPU.ActiveCfg = Release|Any CPU
		{190D425B-B5D5-4389-A4E1-3978A7D07C7D}.Release|Any CPU.Build.0 = Release|Any CPU
		{CDFD278F-F2DC-4BEB-90F3-8F519BBCD550}.Debug|Any CPU.ActiveCfg = Debug|Any CPU
		{CDFD278F-F2DC-4BEB-90F3-8F519BBCD550}.Debug|Any CPU.Build.0 = Debug|Any CPU
		{CDFD278F-F2DC-4BEB-90F3-8F519BBCD550}.Release|Any CPU.ActiveCfg = Release|Any CPU
		{CDFD278F-F2DC-4BEB-90F3-8F519BBCD550}.Release|Any CPU.Build.0 = Release|Any CPU
	EndGlobalSection
	GlobalSection(SolutionProperties) = preSolution
		HideSolutionNode = FALSE
	EndGlobalSection
	GlobalSection(ExtensibilityGlobals) = postSolution
		SolutionGuid = {5E21B838-D3D3-46C9-8A09-E9520B094116}
	EndGlobalSection
EndGlobal
