
Microsoft Visual Studio Solution File, Format Version 12.00
# Visual Studio Version 16
VisualStudioVersion = 16.0.31321.278
MinimumVisualStudioVersion = 10.0.40219.1
Project("{9A19103F-16F7-4668-BE54-9A1E7A4F7556}") = "Demo1BlazorWASM", "Demo1BlazorWASM\Demo1BlazorWASM.csproj", "{F8DE882A-59AE-405D-B301-348548626CA0}"
EndProject
Project("{9A19103F-16F7-4668-BE54-9A1E7A4F7556}") = "LibreriaDemo1", "LibreriaDemo1\LibreriaDemo1.csproj", "{BD55FC90-D888-461A-9B33-CC4D7D0E144A}"
EndProject
Project("{9A19103F-16F7-4668-BE54-9A1E7A4F7556}") = "Demo1BlazorServer", "..\Demo1BlazorServer\Demo1BlazorServer\Demo1BlazorServer.csproj", "{5864DD17-743B-482D-9BA7-214E983A19EC}"
EndProject
Project("{9A19103F-16F7-4668-BE54-9A1E7A4F7556}") = "Demo1Blazor.API", "Demo1Blazor.API\Demo1Blazor.API.csproj", "{328107FC-5209-4339-B0B5-DF10AEFBBDDA}"
EndProject
Project("{FAE04EC0-301F-11D3-BF4B-00C04F79EFBC}") = "BestPractices", "BestPractices\BestPractices.csproj", "{981BF235-C50D-458D-B830-B09127BA04B6}"
EndProject
Global
	GlobalSection(SolutionConfigurationPlatforms) = preSolution
		Debug|Any CPU = Debug|Any CPU
		Release|Any CPU = Release|Any CPU
	EndGlobalSection
	GlobalSection(ProjectConfigurationPlatforms) = postSolution
		{F8DE882A-59AE-405D-B301-348548626CA0}.Debug|Any CPU.ActiveCfg = Debug|Any CPU
		{F8DE882A-59AE-405D-B301-348548626CA0}.Debug|Any CPU.Build.0 = Debug|Any CPU
		{F8DE882A-59AE-405D-B301-348548626CA0}.Release|Any CPU.ActiveCfg = Release|Any CPU
		{F8DE882A-59AE-405D-B301-348548626CA0}.Release|Any CPU.Build.0 = Release|Any CPU
		{BD55FC90-D888-461A-9B33-CC4D7D0E144A}.Debug|Any CPU.ActiveCfg = Debug|Any CPU
		{BD55FC90-D888-461A-9B33-CC4D7D0E144A}.Debug|Any CPU.Build.0 = Debug|Any CPU
		{BD55FC90-D888-461A-9B33-CC4D7D0E144A}.Release|Any CPU.ActiveCfg = Release|Any CPU
		{BD55FC90-D888-461A-9B33-CC4D7D0E144A}.Release|Any CPU.Build.0 = Release|Any CPU
		{5864DD17-743B-482D-9BA7-214E983A19EC}.Debug|Any CPU.ActiveCfg = Debug|Any CPU
		{5864DD17-743B-482D-9BA7-214E983A19EC}.Debug|Any CPU.Build.0 = Debug|Any CPU
		{5864DD17-743B-482D-9BA7-214E983A19EC}.Release|Any CPU.ActiveCfg = Release|Any CPU
		{5864DD17-743B-482D-9BA7-214E983A19EC}.Release|Any CPU.Build.0 = Release|Any CPU
		{328107FC-5209-4339-B0B5-DF10AEFBBDDA}.Debug|Any CPU.ActiveCfg = Debug|Any CPU
		{328107FC-5209-4339-B0B5-DF10AEFBBDDA}.Debug|Any CPU.Build.0 = Debug|Any CPU
		{328107FC-5209-4339-B0B5-DF10AEFBBDDA}.Release|Any CPU.ActiveCfg = Release|Any CPU
		{328107FC-5209-4339-B0B5-DF10AEFBBDDA}.Release|Any CPU.Build.0 = Release|Any CPU
		{981BF235-C50D-458D-B830-B09127BA04B6}.Debug|Any CPU.ActiveCfg = Debug|Any CPU
		{981BF235-C50D-458D-B830-B09127BA04B6}.Debug|Any CPU.Build.0 = Debug|Any CPU
		{981BF235-C50D-458D-B830-B09127BA04B6}.Release|Any CPU.ActiveCfg = Release|Any CPU
		{981BF235-C50D-458D-B830-B09127BA04B6}.Release|Any CPU.Build.0 = Release|Any CPU
	EndGlobalSection
	GlobalSection(SolutionProperties) = preSolution
		HideSolutionNode = FALSE
	EndGlobalSection
	GlobalSection(ExtensibilityGlobals) = postSolution
		SolutionGuid = {571C4F07-096F-4C85-B62D-8855165C4E08}
	EndGlobalSection
EndGlobal
